{
  "requires": true,
  "lockfileVersion": 1,
  "dependencies": {
    "vue-cli-plugin-vuetify": {
      "version": "0.4.6",
      "resolved": "https://registry.npmjs.org/vue-cli-plugin-vuetify/-/vue-cli-plugin-vuetify-0.4.6.tgz",
      "integrity": "sha512-vkai2B3XqanmscUYSioIjJkU7bzBZGl9mCuIISEZtaDy3qWEkF143UGdJ72u/rGuOytLxpV+9B+FNoV93qlnag==",
      "dev": true
    }
  }
}
